
Microsoft Visual Studio Solution File, Format Version 12.00
# Visual Studio 15
VisualStudioVersion = 15.0.27130.2003
MinimumVisualStudioVersion = 10.0.40219.1
Project("{2150E333-8FDC-42A3-9474-1A3956D46DE8}") = "Services", "Services", "{C2245977-2CF2-4D6F-8230-23B3ABD4A6CE}"
EndProject
Project("{FAE04EC0-301F-11D3-BF4B-00C04F79EFBC}") = "BookService", "BookService\BookService.csproj", "{BF4D6DE0-A8DA-4CFB-AFC8-3F407F7C2723}"
EndProject
Project("{2150E333-8FDC-42A3-9474-1A3956D46DE8}") = "WebUI", "WebUI", "{56C967FF-0F94-4085-AA1F-590B320BA2E1}"
EndProject
Project("{FAE04EC0-301F-11D3-BF4B-00C04F79EFBC}") = "WebUIApplication", "WebUIApplication\WebUIApplication.csproj", "{A261711D-FBB8-4060-8FA9-463F439C6539}"
EndProject
Global
	GlobalSection(SolutionConfigurationPlatforms) = preSolution
		Debug|Any CPU = Debug|Any CPU
		Release|Any CPU = Release|Any CPU
	EndGlobalSection
	GlobalSection(ProjectConfigurationPlatforms) = postSolution
		{BF4D6DE0-A8DA-4CFB-AFC8-3F407F7C2723}.Debug|Any CPU.ActiveCfg = Debug|Any CPU
		{BF4D6DE0-A8DA-4CFB-AFC8-3F407F7C2723}.Debug|Any CPU.Build.0 = Debug|Any CPU
		{BF4D6DE0-A8DA-4CFB-AFC8-3F407F7C2723}.Release|Any CPU.ActiveCfg = Release|Any CPU
		{BF4D6DE0-A8DA-4CFB-AFC8-3F407F7C2723}.Release|Any CPU.Build.0 = Release|Any CPU
		{A261711D-FBB8-4060-8FA9-463F439C6539}.Debug|Any CPU.ActiveCfg = Debug|Any CPU
		{A261711D-FBB8-4060-8FA9-463F439C6539}.Debug|Any CPU.Build.0 = Debug|Any CPU
		{A261711D-FBB8-4060-8FA9-463F439C6539}.Release|Any CPU.ActiveCfg = Release|Any CPU
		{A261711D-FBB8-4060-8FA9-463F439C6539}.Release|Any CPU.Build.0 = Release|Any CPU
	EndGlobalSection
	GlobalSection(SolutionProperties) = preSolution
		HideSolutionNode = FALSE
	EndGlobalSection
	GlobalSection(NestedProjects) = preSolution
		{BF4D6DE0-A8DA-4CFB-AFC8-3F407F7C2723} = {C2245977-2CF2-4D6F-8230-23B3ABD4A6CE}
		{A261711D-FBB8-4060-8FA9-463F439C6539} = {56C967FF-0F94-4085-AA1F-590B320BA2E1}
	EndGlobalSection
	GlobalSection(ExtensibilityGlobals) = postSolution
		SolutionGuid = {9D708ABC-CFB9-4F25-8210-CDC027EDCB6B}
	EndGlobalSection
EndGlobal
